
Microsoft Visual Studio Solution File, Format Version 12.00
Project("{FAE04EC0-301F-11D3-BF4B-00C04F79EFBC}") = "SporeCity", "SporeCity\SporeCity.csproj", "{B625E27D-BAF6-4475-A11A-99D3BA57C08C}"
EndProject
Global
	GlobalSection(SolutionConfigurationPlatforms) = preSolution
		Debug|Any CPU = Debug|Any CPU
		Release|Any CPU = Release|Any CPU
	EndGlobalSection
	GlobalSection(ProjectConfigurationPlatforms) = postSolution
		{B625E27D-BAF6-4475-A11A-99D3BA57C08C}.Debug|Any CPU.ActiveCfg = Debug|Any CPU
		{B625E27D-BAF6-4475-A11A-99D3BA57C08C}.Debug|Any CPU.Build.0 = Debug|Any CPU
		{B625E27D-BAF6-4475-A11A-99D3BA57C08C}.Release|Any CPU.ActiveCfg = Release|Any CPU
		{B625E27D-BAF6-4475-A11A-99D3BA57C08C}.Release|Any CPU.Build.0 = Release|Any CPU
		{B625E27D-BAF6-4475-A11A-99D3BA57C08C}.Release|Any CPU.Deploy.0 = Release|Any CPU
	EndGlobalSection
EndGlobal
